
Microsoft Visual Studio Solution File, Format Version 12.00
# Visual Studio Version 16
VisualStudioVersion = 16.0.29001.49
MinimumVisualStudioVersion = 10.0.40219.1
Project("{FAE04EC0-301F-11D3-BF4B-00C04F79EFBC}") = "MovingPicture", "MovingPicture\MovingPicture.csproj", "{14227CF2-CFB3-472B-89A6-04B0EF135CA7}"
EndProject
Global
	GlobalSection(SolutionConfigurationPlatforms) = preSolution
		Debug|Any CPU = Debug|Any CPU
		Release|Any CPU = Release|Any CPU
	EndGlobalSection
	GlobalSection(ProjectConfigurationPlatforms) = postSolution
		{14227CF2-CFB3-472B-89A6-04B0EF135CA7}.Debug|Any CPU.ActiveCfg = Debug|Any CPU
		{14227CF2-CFB3-472B-89A6-04B0EF135CA7}.Debug|Any CPU.Build.0 = Debug|Any CPU
		{14227CF2-CFB3-472B-89A6-04B0EF135CA7}.Release|Any CPU.ActiveCfg = Release|Any CPU
		{14227CF2-CFB3-472B-89A6-04B0EF135CA7}.Release|Any CPU.Build.0 = Release|Any CPU
	EndGlobalSection
	GlobalSection(SolutionProperties) = preSolution
		HideSolutionNode = FALSE
	EndGlobalSection
	GlobalSection(ExtensibilityGlobals) = postSolution
		SolutionGuid = {0BCB22AF-0542-45C0-8CBE-27E71DF9BF05}
	EndGlobalSection
EndGlobal
